
Microsoft Visual Studio Solution File, Format Version 12.00
# Visual Studio 15
Project("{FAE04EC0-301F-11D3-BF4B-00C04F79EFBC}") = "Day2_klases", "Day2_klases\Day2_klases.csproj", "{0E837C20-6951-4CB0-A1E2-4FEE9C5E7787}"
EndProject
Global
	GlobalSection(SolutionConfigurationPlatforms) = preSolution
		Debug|Any CPU = Debug|Any CPU
		Release|Any CPU = Release|Any CPU
	EndGlobalSection
	GlobalSection(ProjectConfigurationPlatforms) = postSolution
		{0E837C20-6951-4CB0-A1E2-4FEE9C5E7787}.Debug|Any CPU.ActiveCfg = Debug|Any CPU
		{0E837C20-6951-4CB0-A1E2-4FEE9C5E7787}.Debug|Any CPU.Build.0 = Debug|Any CPU
		{0E837C20-6951-4CB0-A1E2-4FEE9C5E7787}.Release|Any CPU.ActiveCfg = Release|Any CPU
		{0E837C20-6951-4CB0-A1E2-4FEE9C5E7787}.Release|Any CPU.Build.0 = Release|Any CPU
	EndGlobalSection
EndGlobal
